{
    "version": 3,
    "terraform_version": "0.10.7",
    "serial": 15,
    "lineage": "937396b7-3c40-4b4a-b3a3-d2e124ab8658",
    "modules": [
        {
            "path": [
                "root"
            ],
            "outputs": {
                "public_ip": {
                    "sensitive": false,
                    "type": "string",
                    "value": "54.154.232.23"
                }
            },
            "resources": {
                "aws_instance.webBD": {
                    "type": "aws_instance",
                    "depends_on": [
                        "aws_security_group.allow_all",
                        "aws_subnet.mainBDSUB1",
                        "data.aws_ami.ubuntu",
                        "data.template_file.BD"
                    ],
                    "primary": {
                        "id": "i-01e19894138d723c8",
                        "attributes": {
                            "ami": "ami-eed00d97",
                            "associate_public_ip_address": "true",
                            "availability_zone": "eu-west-1a",
                            "disable_api_termination": "false",
                            "ebs_block_device.#": "0",
                            "ebs_optimized": "false",
                            "ephemeral_block_device.#": "0",
                            "iam_instance_profile": "",
                            "id": "i-01e19894138d723c8",
                            "instance_state": "running",
                            "instance_type": "t2.micro",
                            "ipv6_addresses.#": "0",
                            "key_name": "BDkey",
                            "monitoring": "false",
                            "network_interface.#": "0",
                            "network_interface_id": "eni-6b196247",
                            "primary_network_interface_id": "eni-6b196247",
                            "private_dns": "ip-172-23-0-190.eu-west-1.compute.internal",
                            "private_ip": "172.23.0.190",
                            "public_dns": "",
                            "public_ip": "54.154.232.23",
                            "root_block_device.#": "1",
                            "root_block_device.0.delete_on_termination": "true",
                            "root_block_device.0.iops": "100",
                            "root_block_device.0.volume_size": "8",
                            "root_block_device.0.volume_type": "gp2",
                            "security_groups.#": "0",
                            "source_dest_check": "true",
                            "subnet_id": "subnet-3853185f",
                            "tags.%": "1",
                            "tags.Name": "HelloBDWorld",
                            "tenancy": "default",
                            "user_data": "9d89abab7f9041c2406152c870e89b1817397a3f",
                            "volume_tags.%": "0",
                            "vpc_security_group_ids.#": "1",
                            "vpc_security_group_ids.1752408221": "sg-80c53dfb"
                        },
                        "meta": {
                            "e2bfb730-ecaa-11e6-8f88-34363bc7c4c0": {
                                "create": 600000000000,
                                "delete": 600000000000,
                                "update": 600000000000
                            },
                            "schema_version": "1"
                        },
                        "tainted": false
                    },
                    "deposed": [],
                    "provider": ""
                },
                "aws_internet_gateway.gwBD": {
                    "type": "aws_internet_gateway",
                    "depends_on": [
                        "aws_vpc.mainBD"
                    ],
                    "primary": {
                        "id": "igw-38d7315f",
                        "attributes": {
                            "id": "igw-38d7315f",
                            "tags.%": "1",
                            "tags.Name": "mainBDGW",
                            "vpc_id": "vpc-71570e16"
                        },
                        "meta": {},
                        "tainted": false
                    },
                    "deposed": [],
                    "provider": ""
                },
                "aws_route_table.BD": {
                    "type": "aws_route_table",
                    "depends_on": [
                        "aws_internet_gateway.gwBD",
                        "aws_vpc.mainBD"
                    ],
                    "primary": {
                        "id": "rtb-7a02891c",
                        "attributes": {
                            "id": "rtb-7a02891c",
                            "propagating_vgws.#": "0",
                            "route.#": "1",
                            "route.2770123619.cidr_block": "0.0.0.0/0",
                            "route.2770123619.egress_only_gateway_id": "",
                            "route.2770123619.gateway_id": "igw-38d7315f",
                            "route.2770123619.instance_id": "",
                            "route.2770123619.ipv6_cidr_block": "",
                            "route.2770123619.nat_gateway_id": "",
                            "route.2770123619.network_interface_id": "",
                            "route.2770123619.vpc_peering_connection_id": "",
                            "tags.%": "1",
                            "tags.Name": "mainBDRoute",
                            "vpc_id": "vpc-71570e16"
                        },
                        "meta": {},
                        "tainted": false
                    },
                    "deposed": [],
                    "provider": ""
                },
                "aws_route_table_association.BDSUB1": {
                    "type": "aws_route_table_association",
                    "depends_on": [
                        "aws_route_table.BD",
                        "aws_subnet.mainBDSUB1"
                    ],
                    "primary": {
                        "id": "rtbassoc-b8305cc1",
                        "attributes": {
                            "id": "rtbassoc-b8305cc1",
                            "route_table_id": "rtb-7a02891c",
                            "subnet_id": "subnet-3853185f"
                        },
                        "meta": {},
                        "tainted": false
                    },
                    "deposed": [],
                    "provider": ""
                },
                "aws_route_table_association.BDSUB2": {
                    "type": "aws_route_table_association",
                    "depends_on": [
                        "aws_route_table.BD",
                        "aws_subnet.mainBDSUB2"
                    ],
                    "primary": {
                        "id": "rtbassoc-6e335f17",
                        "attributes": {
                            "id": "rtbassoc-6e335f17",
                            "route_table_id": "rtb-7a02891c",
                            "subnet_id": "subnet-6f247926"
                        },
                        "meta": {},
                        "tainted": false
                    },
                    "deposed": [],
                    "provider": ""
                },
                "aws_security_group.allow_all": {
                    "type": "aws_security_group",
                    "depends_on": [
                        "aws_vpc.mainBD"
                    ],
                    "primary": {
                        "id": "sg-80c53dfb",
                        "attributes": {
                            "description": "Allow all inbound traffic",
                            "egress.#": "1",
                            "egress.482069346.cidr_blocks.#": "1",
                            "egress.482069346.cidr_blocks.0": "0.0.0.0/0",
                            "egress.482069346.description": "",
                            "egress.482069346.from_port": "0",
                            "egress.482069346.ipv6_cidr_blocks.#": "0",
                            "egress.482069346.prefix_list_ids.#": "0",
                            "egress.482069346.protocol": "-1",
                            "egress.482069346.security_groups.#": "0",
                            "egress.482069346.self": "false",
                            "egress.482069346.to_port": "0",
                            "id": "sg-80c53dfb",
                            "ingress.#": "1",
                            "ingress.2541437006.cidr_blocks.#": "1",
                            "ingress.2541437006.cidr_blocks.0": "0.0.0.0/0",
                            "ingress.2541437006.description": "",
                            "ingress.2541437006.from_port": "22",
                            "ingress.2541437006.ipv6_cidr_blocks.#": "0",
                            "ingress.2541437006.protocol": "tcp",
                            "ingress.2541437006.security_groups.#": "0",
                            "ingress.2541437006.self": "false",
                            "ingress.2541437006.to_port": "22",
                            "name": "allow_BD",
                            "owner_id": "628310051165",
                            "tags.%": "0",
                            "vpc_id": "vpc-71570e16"
                        },
                        "meta": {},
                        "tainted": false
                    },
                    "deposed": [],
                    "provider": ""
                },
                "aws_subnet.mainBDSUB1": {
                    "type": "aws_subnet",
                    "depends_on": [
                        "aws_vpc.mainBD"
                    ],
                    "primary": {
                        "id": "subnet-3853185f",
                        "attributes": {
                            "assign_ipv6_address_on_creation": "false",
                            "availability_zone": "eu-west-1a",
                            "cidr_block": "172.23.0.0/24",
                            "id": "subnet-3853185f",
                            "map_public_ip_on_launch": "false",
                            "tags.%": "1",
                            "tags.Name": "MainBDSUB1",
                            "vpc_id": "vpc-71570e16"
                        },
                        "meta": {
                            "schema_version": "1"
                        },
                        "tainted": false
                    },
                    "deposed": [],
                    "provider": ""
                },
                "aws_subnet.mainBDSUB2": {
                    "type": "aws_subnet",
                    "depends_on": [
                        "aws_vpc.mainBD"
                    ],
                    "primary": {
                        "id": "subnet-6f247926",
                        "attributes": {
                            "assign_ipv6_address_on_creation": "false",
                            "availability_zone": "eu-west-1b",
                            "cidr_block": "172.23.1.0/24",
                            "id": "subnet-6f247926",
                            "map_public_ip_on_launch": "false",
                            "tags.%": "1",
                            "tags.Name": "MainBDSUB2",
                            "vpc_id": "vpc-71570e16"
                        },
                        "meta": {
                            "schema_version": "1"
                        },
                        "tainted": false
                    },
                    "deposed": [],
                    "provider": ""
                },
                "aws_vpc.mainBD": {
                    "type": "aws_vpc",
                    "depends_on": [],
                    "primary": {
                        "id": "vpc-71570e16",
                        "attributes": {
                            "assign_generated_ipv6_cidr_block": "false",
                            "cidr_block": "172.23.0.0/16",
                            "default_network_acl_id": "acl-2967984f",
                            "default_route_table_id": "rtb-1a078c7c",
                            "default_security_group_id": "sg-2d30c856",
                            "dhcp_options_id": "dopt-9127f9f4",
                            "enable_classiclink": "false",
                            "enable_classiclink_dns_support": "false",
                            "enable_dns_hostnames": "false",
                            "enable_dns_support": "true",
                            "id": "vpc-71570e16",
                            "instance_tenancy": "default",
                            "main_route_table_id": "rtb-1a078c7c",
                            "tags.%": "1",
                            "tags.Name": "mainBD"
                        },
                        "meta": {
                            "schema_version": "1"
                        },
                        "tainted": false
                    },
                    "deposed": [],
                    "provider": ""
                },
                "data.aws_ami.ubuntu": {
                    "type": "aws_ami",
                    "depends_on": [],
                    "primary": {
                        "id": "ami-eed00d97",
                        "attributes": {
                            "architecture": "x86_64",
                            "block_device_mappings.#": "3",
                            "block_device_mappings.1634610537.device_name": "/dev/sdb",
                            "block_device_mappings.1634610537.ebs.%": "0",
                            "block_device_mappings.1634610537.no_device": "",
                            "block_device_mappings.1634610537.virtual_name": "ephemeral0",
                            "block_device_mappings.2547816212.device_name": "/dev/sda1",
                            "block_device_mappings.2547816212.ebs.%": "6",
                            "block_device_mappings.2547816212.ebs.delete_on_termination": "true",
                            "block_device_mappings.2547816212.ebs.encrypted": "false",
                            "block_device_mappings.2547816212.ebs.iops": "0",
                            "block_device_mappings.2547816212.ebs.snapshot_id": "snap-081f2b4abff1a8f45",
                            "block_device_mappings.2547816212.ebs.volume_size": "8",
                            "block_device_mappings.2547816212.ebs.volume_type": "gp2",
                            "block_device_mappings.2547816212.no_device": "",
                            "block_device_mappings.2547816212.virtual_name": "",
                            "block_device_mappings.3850042718.device_name": "/dev/sdc",
                            "block_device_mappings.3850042718.ebs.%": "0",
                            "block_device_mappings.3850042718.no_device": "",
                            "block_device_mappings.3850042718.virtual_name": "ephemeral1",
                            "creation_date": "2017-10-13T19:37:12.000Z",
                            "description": "Canonical, Ubuntu, 16.04 LTS, amd64 xenial image build on 2017-10-11",
                            "filter.#": "2",
                            "filter.1585153008.name": "name",
                            "filter.1585153008.values.#": "1",
                            "filter.1585153008.values.0": "ubuntu/images/hvm-ssd/ubuntu-xenial-16.04-amd64-server-*",
                            "filter.490168357.name": "virtualization-type",
                            "filter.490168357.values.#": "1",
                            "filter.490168357.values.0": "hvm",
                            "hypervisor": "xen",
                            "id": "ami-eed00d97",
                            "image_id": "ami-eed00d97",
                            "image_location": "099720109477/ubuntu/images/hvm-ssd/ubuntu-xenial-16.04-amd64-server-20171011",
                            "image_type": "machine",
                            "most_recent": "true",
                            "name": "ubuntu/images/hvm-ssd/ubuntu-xenial-16.04-amd64-server-20171011",
                            "owner_id": "099720109477",
                            "owners.#": "1",
                            "owners.0": "099720109477",
                            "product_codes.#": "0",
                            "public": "true",
                            "root_device_name": "/dev/sda1",
                            "root_device_type": "ebs",
                            "root_snapshot_id": "snap-081f2b4abff1a8f45",
                            "sriov_net_support": "simple",
                            "state": "available",
                            "state_reason.%": "2",
                            "state_reason.code": "UNSET",
                            "state_reason.message": "UNSET",
                            "tags.%": "0",
                            "virtualization_type": "hvm"
                        },
                        "meta": {},
                        "tainted": false
                    },
                    "deposed": [],
                    "provider": ""
                },
                "data.template_file.BD": {
                    "type": "template_file",
                    "depends_on": [],
                    "primary": {
                        "id": "98a36ecff4d894a50654afd4335ef913ab5edf5d57ab1c66755fb5bf186b8f3b",
                        "attributes": {
                            "id": "98a36ecff4d894a50654afd4335ef913ab5edf5d57ab1c66755fb5bf186b8f3b",
                            "rendered": "#!/usr/bin/env bash\n\napt-get update -q\napt-get upgrade -y\napt-get install -y git nginx\nrm /etc/nginx/sites-enabled/default \ncat \u003e /etc/nginx/conf.d/webapp.conf \u003c\u003cEOF\nserver {\n    listen 80;\n    server_name _;\n    root /var/webapp;\n}\nEOF\nHOST=`hostname`\ngit clone https://github.com/d2si/webapp.git /var/webapp\nsed -i \"s#everybody#root at $HOST#\" /var/webapp/index.html\nsystemctl restart nginx\n#service nginx restart\n",
                            "template": "#!/usr/bin/env bash\n\napt-get update -q\napt-get upgrade -y\napt-get install -y git nginx\nrm /etc/nginx/sites-enabled/default \ncat \u003e /etc/nginx/conf.d/webapp.conf \u003c\u003cEOF\nserver {\n    listen 80;\n    server_name _;\n    root /var/webapp;\n}\nEOF\nHOST=`hostname`\ngit clone https://github.com/d2si/webapp.git /var/webapp\nsed -i \"s#everybody#${username} at $HOST#\" /var/webapp/index.html\nsystemctl restart nginx\n#service nginx restart\n",
                            "vars.%": "1",
                            "vars.username": "root"
                        },
                        "meta": {},
                        "tainted": false
                    },
                    "deposed": [],
                    "provider": ""
                }
            },
            "depends_on": []
        }
    ]
}
